// !$*UTF8*$!
{
	archiveVersion = 1;
	classes = {
	};
	objectVersion = 51;
	objects = {

/* Begin PBXBuildFile section */
		43084D5E2414CA7500370070 /* CommonMethods.swift in Sources */ = {isa = PBXBuildFile; fileRef = 43084D5D2414CA7500370070 /* CommonMethods.swift */; };
		43084D602414E79300370070 /* TableTypeDrawView.swift in Sources */ = {isa = PBXBuildFile; fileRef = 43084D5F2414E79300370070 /* TableTypeDrawView.swift */; };
		43084D62241CADE900370070 /* TableSquareDrawView.swift in Sources */ = {isa = PBXBuildFile; fileRef = 43084D61241CADE900370070 /* TableSquareDrawView.swift */; };
		4337E50E24627383006235BD /* SettingFinishViewController.swift in Sources */ = {isa = PBXBuildFile; fileRef = 4337E50D24627383006235BD /* SettingFinishViewController.swift */; };
		4337E5102462CC2E006235BD /* DefineExtension.swift in Sources */ = {isa = PBXBuildFile; fileRef = 4337E50F2462CC2E006235BD /* DefineExtension.swift */; };
		4337E51424680697006235BD /* MenuViewController.swift in Sources */ = {isa = PBXBuildFile; fileRef = 4337E51324680697006235BD /* MenuViewController.swift */; };
		4337E51624712F45006235BD /* RegisterFavoriteViewController.swift in Sources */ = {isa = PBXBuildFile; fileRef = 4337E51524712F45006235BD /* RegisterFavoriteViewController.swift */; };
		4337E5182478DA4D006235BD /* ChooseFavoritePopup.swift in Sources */ = {isa = PBXBuildFile; fileRef = 4337E5172478DA4D006235BD /* ChooseFavoritePopup.swift */; };
		434021D52442ECF50023842F /* MemberRegisterFinishViewController.swift in Sources */ = {isa = PBXBuildFile; fileRef = 434021D42442ECF50023842F /* MemberRegisterFinishViewController.swift */; };
		4341CC09241CC6CA00C86FB9 /* TableCircleDrawView.swift in Sources */ = {isa = PBXBuildFile; fileRef = 4341CC08241CC6CA00C86FB9 /* TableCircleDrawView.swift */; };
		4341CC0B241CEAB700C86FB9 /* PublicValues.swift in Sources */ = {isa = PBXBuildFile; fileRef = 4341CC0A241CEAB700C86FB9 /* PublicValues.swift */; };
		4341CC10242760A500C86FB9 /* MemberRegisterViewController.swift in Sources */ = {isa = PBXBuildFile; fileRef = 4341CC0F242760A500C86FB9 /* MemberRegisterViewController.swift */; };
		43477D482403E5A8001D37CE /* Setting1ViewController.swift in Sources */ = {isa = PBXBuildFile; fileRef = 43477D472403E5A8001D37CE /* Setting1ViewController.swift */; };
		439E5C30248238FF001C59D1 /* RegisterFavoriteFinishViewController.swift in Sources */ = {isa = PBXBuildFile; fileRef = 439E5C2F248238FF001C59D1 /* RegisterFavoriteFinishViewController.swift */; };
		439E5C3324836CC9001C59D1 /* SeatChangeLogic.swift in Sources */ = {isa = PBXBuildFile; fileRef = 439E5C3224836CC9001C59D1 /* SeatChangeLogic.swift */; };
		439E5C35249486EA001C59D1 /* SeatChangeResultViewController.swift in Sources */ = {isa = PBXBuildFile; fileRef = 439E5C34249486EA001C59D1 /* SeatChangeResultViewController.swift */; };
		439E5C3724A72F42001C59D1 /* MatchingResultInitViewController.swift in Sources */ = {isa = PBXBuildFile; fileRef = 439E5C3624A72F42001C59D1 /* MatchingResultInitViewController.swift */; };
		439E5C3924A7310A001C59D1 /* MatchingLogic.swift in Sources */ = {isa = PBXBuildFile; fileRef = 439E5C3824A7310A001C59D1 /* MatchingLogic.swift */; };
		439E5C3B24A74E14001C59D1 /* MatchingResultViewController.swift in Sources */ = {isa = PBXBuildFile; fileRef = 439E5C3A24A74E14001C59D1 /* MatchingResultViewController.swift */; };
		439E5C3D24B04DC3001C59D1 /* GameMenuViewController.swift in Sources */ = {isa = PBXBuildFile; fileRef = 439E5C3C24B04DC3001C59D1 /* GameMenuViewController.swift */; };
		439E5C4024B050D0001C59D1 /* NGWordsInitViewController.swift in Sources */ = {isa = PBXBuildFile; fileRef = 439E5C3F24B050D0001C59D1 /* NGWordsInitViewController.swift */; };
		439E5C4224B07391001C59D1 /* NGWordsAssignViewController.swift in Sources */ = {isa = PBXBuildFile; fileRef = 439E5C4124B07391001C59D1 /* NGWordsAssignViewController.swift */; };
		439E5C4424B07539001C59D1 /* NGWordsAssignInitViewController.swift in Sources */ = {isa = PBXBuildFile; fileRef = 439E5C4324B07539001C59D1 /* NGWordsAssignInitViewController.swift */; };
		439E5C4624B07DF2001C59D1 /* NGwordAssignLogic.swift in Sources */ = {isa = PBXBuildFile; fileRef = 439E5C4524B07DF2001C59D1 /* NGwordAssignLogic.swift */; };
		439E5C4824B08290001C59D1 /* NGWordsAssignFinishViewController.swift in Sources */ = {isa = PBXBuildFile; fileRef = 439E5C4724B08290001C59D1 /* NGWordsAssignFinishViewController.swift */; };
		439E5C4A24B084D0001C59D1 /* NGWordsCheckViewController.swift in Sources */ = {isa = PBXBuildFile; fileRef = 439E5C4924B084D0001C59D1 /* NGWordsCheckViewController.swift */; };
		439E5C4C24B1BFDF001C59D1 /* PublicConstantValues.swift in Sources */ = {isa = PBXBuildFile; fileRef = 439E5C4B24B1BFDF001C59D1 /* PublicConstantValues.swift */; };
		439E5C4F24B980F0001C59D1 /* KingGameInitViewController.swift in Sources */ = {isa = PBXBuildFile; fileRef = 439E5C4E24B980F0001C59D1 /* KingGameInitViewController.swift */; };
		439E5C5124B987D6001C59D1 /* KingGameJobAssignLogic.swift in Sources */ = {isa = PBXBuildFile; fileRef = 439E5C5024B987D6001C59D1 /* KingGameJobAssignLogic.swift */; };
		439E5C5324B98D06001C59D1 /* KingGameJobAssignInitViewController.swift in Sources */ = {isa = PBXBuildFile; fileRef = 439E5C5224B98D06001C59D1 /* KingGameJobAssignInitViewController.swift */; };
		439E5C5524B98E01001C59D1 /* KingGameJobAssignViewController.swift in Sources */ = {isa = PBXBuildFile; fileRef = 439E5C5424B98E01001C59D1 /* KingGameJobAssignViewController.swift */; };
		439E5C5724B99201001C59D1 /* KingGameCheckJobsViewController.swift in Sources */ = {isa = PBXBuildFile; fileRef = 439E5C5624B99201001C59D1 /* KingGameCheckJobsViewController.swift */; };
		439E5C5924B99C83001C59D1 /* KingGameJobAssignFinishViewController.swift in Sources */ = {isa = PBXBuildFile; fileRef = 439E5C5824B99C83001C59D1 /* KingGameJobAssignFinishViewController.swift */; };
		43C1D58A2403CB72005A48AB /* AppDelegate.swift in Sources */ = {isa = PBXBuildFile; fileRef = 43C1D5892403CB72005A48AB /* AppDelegate.swift */; };
		43C1D58C2403CB72005A48AB /* SceneDelegate.swift in Sources */ = {isa = PBXBuildFile; fileRef = 43C1D58B2403CB72005A48AB /* SceneDelegate.swift */; };
		43C1D58E2403CB72005A48AB /* ViewController.swift in Sources */ = {isa = PBXBuildFile; fileRef = 43C1D58D2403CB72005A48AB /* ViewController.swift */; };
		43C1D5932403CB76005A48AB /* Assets.xcassets in Resources */ = {isa = PBXBuildFile; fileRef = 43C1D5922403CB76005A48AB /* Assets.xcassets */; };
		F742904016CCC80CAA04FA63 /* Pods_GokonMaster.framework in Frameworks */ = {isa = PBXBuildFile; fileRef = 7A75579CD3B052D4D8F49BC2 /* Pods_GokonMaster.framework */; };
/* End PBXBuildFile section */

/* Begin PBXFileReference section */
		43084D5D2414CA7500370070 /* CommonMethods.swift */ = {isa = PBXFileReference; lastKnownFileType = sourcecode.swift; path = CommonMethods.swift; sourceTree = "<group>"; };
		43084D5F2414E79300370070 /* TableTypeDrawView.swift */ = {isa = PBXFileReference; lastKnownFileType = sourcecode.swift; path = TableTypeDrawView.swift; sourceTree = "<group>"; };
		43084D61241CADE900370070 /* TableSquareDrawView.swift */ = {isa = PBXFileReference; lastKnownFileType = sourcecode.swift; path = TableSquareDrawView.swift; sourceTree = "<group>"; };
		4337E50D24627383006235BD /* SettingFinishViewController.swift */ = {isa = PBXFileReference; lastKnownFileType = sourcecode.swift; path = SettingFinishViewController.swift; sourceTree = "<group>"; };
		4337E50F2462CC2E006235BD /* DefineExtension.swift */ = {isa = PBXFileReference; lastKnownFileType = sourcecode.swift; path = DefineExtension.swift; sourceTree = "<group>"; };
		4337E51324680697006235BD /* MenuViewController.swift */ = {isa = PBXFileReference; lastKnownFileType = sourcecode.swift; path = MenuViewController.swift; sourceTree = "<group>"; };
		4337E51524712F45006235BD /* RegisterFavoriteViewController.swift */ = {isa = PBXFileReference; lastKnownFileType = sourcecode.swift; path = RegisterFavoriteViewController.swift; sourceTree = "<group>"; };
		4337E5172478DA4D006235BD /* ChooseFavoritePopup.swift */ = {isa = PBXFileReference; lastKnownFileType = sourcecode.swift; path = ChooseFavoritePopup.swift; sourceTree = "<group>"; };
		434021D42442ECF50023842F /* MemberRegisterFinishViewController.swift */ = {isa = PBXFileReference; lastKnownFileType = sourcecode.swift; path = MemberRegisterFinishViewController.swift; sourceTree = "<group>"; };
		4341CC08241CC6CA00C86FB9 /* TableCircleDrawView.swift */ = {isa = PBXFileReference; lastKnownFileType = sourcecode.swift; path = TableCircleDrawView.swift; sourceTree = "<group>"; };
		4341CC0A241CEAB700C86FB9 /* PublicValues.swift */ = {isa = PBXFileReference; lastKnownFileType = sourcecode.swift; path = PublicValues.swift; sourceTree = "<group>"; };
		4341CC0F242760A500C86FB9 /* MemberRegisterViewController.swift */ = {isa = PBXFileReference; lastKnownFileType = sourcecode.swift; path = MemberRegisterViewController.swift; sourceTree = "<group>"; };
		43477D472403E5A8001D37CE /* Setting1ViewController.swift */ = {isa = PBXFileReference; lastKnownFileType = sourcecode.swift; path = Setting1ViewController.swift; sourceTree = "<group>"; };
		439E5C2F248238FF001C59D1 /* RegisterFavoriteFinishViewController.swift */ = {isa = PBXFileReference; lastKnownFileType = sourcecode.swift; path = RegisterFavoriteFinishViewController.swift; sourceTree = "<group>"; };
		439E5C3224836CC9001C59D1 /* SeatChangeLogic.swift */ = {isa = PBXFileReference; lastKnownFileType = sourcecode.swift; path = SeatChangeLogic.swift; sourceTree = "<group>"; };
		439E5C34249486EA001C59D1 /* SeatChangeResultViewController.swift */ = {isa = PBXFileReference; lastKnownFileType = sourcecode.swift; path = SeatChangeResultViewController.swift; sourceTree = "<group>"; };
		439E5C3624A72F42001C59D1 /* MatchingResultInitViewController.swift */ = {isa = PBXFileReference; lastKnownFileType = sourcecode.swift; path = MatchingResultInitViewController.swift; sourceTree = "<group>"; };
		439E5C3824A7310A001C59D1 /* MatchingLogic.swift */ = {isa = PBXFileReference; lastKnownFileType = sourcecode.swift; path = MatchingLogic.swift; sourceTree = "<group>"; };
		439E5C3A24A74E14001C59D1 /* MatchingResultViewController.swift */ = {isa = PBXFileReference; lastKnownFileType = sourcecode.swift; path = MatchingResultViewController.swift; sourceTree = "<group>"; };
		439E5C3C24B04DC3001C59D1 /* GameMenuViewController.swift */ = {isa = PBXFileReference; lastKnownFileType = sourcecode.swift; path = GameMenuViewController.swift; sourceTree = "<group>"; };
		439E5C3F24B050D0001C59D1 /* NGWordsInitViewController.swift */ = {isa = PBXFileReference; lastKnownFileType = sourcecode.swift; path = NGWordsInitViewController.swift; sourceTree = "<group>"; };
		439E5C4124B07391001C59D1 /* NGWordsAssignViewController.swift */ = {isa = PBXFileReference; lastKnownFileType = sourcecode.swift; path = NGWordsAssignViewController.swift; sourceTree = "<group>"; };
		439E5C4324B07539001C59D1 /* NGWordsAssignInitViewController.swift */ = {isa = PBXFileReference; lastKnownFileType = sourcecode.swift; path = NGWordsAssignInitViewController.swift; sourceTree = "<group>"; };
		439E5C4524B07DF2001C59D1 /* NGwordAssignLogic.swift */ = {isa = PBXFileReference; lastKnownFileType = sourcecode.swift; path = NGwordAssignLogic.swift; sourceTree = "<group>"; };
		439E5C4724B08290001C59D1 /* NGWordsAssignFinishViewController.swift */ = {isa = PBXFileReference; lastKnownFileType = sourcecode.swift; path = NGWordsAssignFinishViewController.swift; sourceTree = "<group>"; };
		439E5C4924B084D0001C59D1 /* NGWordsCheckViewController.swift */ = {isa = PBXFileReference; lastKnownFileType = sourcecode.swift; path = NGWordsCheckViewController.swift; sourceTree = "<group>"; };
		439E5C4B24B1BFDF001C59D1 /* PublicConstantValues.swift */ = {isa = PBXFileReference; lastKnownFileType = sourcecode.swift; path = PublicConstantValues.swift; sourceTree = "<group>"; };
		439E5C4E24B980F0001C59D1 /* KingGameInitViewController.swift */ = {isa = PBXFileReference; lastKnownFileType = sourcecode.swift; path = KingGameInitViewController.swift; sourceTree = "<group>"; };
		439E5C5024B987D6001C59D1 /* KingGameJobAssignLogic.swift */ = {isa = PBXFileReference; lastKnownFileType = sourcecode.swift; path = KingGameJobAssignLogic.swift; sourceTree = "<group>"; };
		439E5C5224B98D06001C59D1 /* KingGameJobAssignInitViewController.swift */ = {isa = PBXFileReference; lastKnownFileType = sourcecode.swift; path = KingGameJobAssignInitViewController.swift; sourceTree = "<group>"; };
		439E5C5424B98E01001C59D1 /* KingGameJobAssignViewController.swift */ = {isa = PBXFileReference; lastKnownFileType = sourcecode.swift; path = KingGameJobAssignViewController.swift; sourceTree = "<group>"; };
		439E5C5624B99201001C59D1 /* KingGameCheckJobsViewController.swift */ = {isa = PBXFileReference; lastKnownFileType = sourcecode.swift; path = KingGameCheckJobsViewController.swift; sourceTree = "<group>"; };
		439E5C5824B99C83001C59D1 /* KingGameJobAssignFinishViewController.swift */ = {isa = PBXFileReference; lastKnownFileType = sourcecode.swift; path = KingGameJobAssignFinishViewController.swift; sourceTree = "<group>"; };
		43C1D5862403CB72005A48AB /* GokonMaster.app */ = {isa = PBXFileReference; explicitFileType = wrapper.application; includeInIndex = 0; path = GokonMaster.app; sourceTree = BUILT_PRODUCTS_DIR; };
		43C1D5892403CB72005A48AB /* AppDelegate.swift */ = {isa = PBXFileReference; lastKnownFileType = sourcecode.swift; path = AppDelegate.swift; sourceTree = "<group>"; };
		43C1D58B2403CB72005A48AB /* SceneDelegate.swift */ = {isa = PBXFileReference; lastKnownFileType = sourcecode.swift; path = SceneDelegate.swift; sourceTree = "<group>"; };
		43C1D58D2403CB72005A48AB /* ViewController.swift */ = {isa = PBXFileReference; lastKnownFileType = sourcecode.swift; path = ViewController.swift; sourceTree = "<group>"; };
		43C1D5922403CB76005A48AB /* Assets.xcassets */ = {isa = PBXFileReference; lastKnownFileType = folder.assetcatalog; path = Assets.xcassets; sourceTree = "<group>"; };
		43C1D5972403CB76005A48AB /* Info.plist */ = {isa = PBXFileReference; lastKnownFileType = text.plist.xml; path = Info.plist; sourceTree = "<group>"; };
		73617424919DA148D2A9340F /* Pods-GokonMaster.release.xcconfig */ = {isa = PBXFileReference; includeInIndex = 1; lastKnownFileType = text.xcconfig; name = "Pods-GokonMaster.release.xcconfig"; path = "Target Support Files/Pods-GokonMaster/Pods-GokonMaster.release.xcconfig"; sourceTree = "<group>"; };
		73B8E147808EF5531B1E4A34 /* Pods-GokonMaster.debug.xcconfig */ = {isa = PBXFileReference; includeInIndex = 1; lastKnownFileType = text.xcconfig; name = "Pods-GokonMaster.debug.xcconfig"; path = "Target Support Files/Pods-GokonMaster/Pods-GokonMaster.debug.xcconfig"; sourceTree = "<group>"; };
		7A75579CD3B052D4D8F49BC2 /* Pods_GokonMaster.framework */ = {isa = PBXFileReference; explicitFileType = wrapper.framework; includeInIndex = 0; path = Pods_GokonMaster.framework; sourceTree = BUILT_PRODUCTS_DIR; };
/* End PBXFileReference section */

/* Begin PBXFrameworksBuildPhase section */
		43C1D5832403CB71005A48AB /* Frameworks */ = {
			isa = PBXFrameworksBuildPhase;
			buildActionMask = 2147483647;
			files = (
				F742904016CCC80CAA04FA63 /* Pods_GokonMaster.framework in Frameworks */,
			);
			runOnlyForDeploymentPostprocessing = 0;
		};
/* End PBXFrameworksBuildPhase section */

/* Begin PBXGroup section */
		29A0487A4B8C72F01F4C9E87 /* Frameworks */ = {
			isa = PBXGroup;
			children = (
				7A75579CD3B052D4D8F49BC2 /* Pods_GokonMaster.framework */,
			);
			name = Frameworks;
			sourceTree = "<group>";
		};
		394F91EA0CEEC2DE597822FB /* Pods */ = {
			isa = PBXGroup;
			children = (
				73B8E147808EF5531B1E4A34 /* Pods-GokonMaster.debug.xcconfig */,
				73617424919DA148D2A9340F /* Pods-GokonMaster.release.xcconfig */,
			);
			path = Pods;
			sourceTree = "<group>";
		};
		4341CC0C241CF37400C86FB9 /* Common */ = {
			isa = PBXGroup;
			children = (
				4341CC0A241CEAB700C86FB9 /* PublicValues.swift */,
				439E5C4B24B1BFDF001C59D1 /* PublicConstantValues.swift */,
				43084D5D2414CA7500370070 /* CommonMethods.swift */,
				4337E50F2462CC2E006235BD /* DefineExtension.swift */,
			);
			path = Common;
			sourceTree = "<group>";
		};
		4341CC0D241CF3B600C86FB9 /* Scenes */ = {
			isa = PBXGroup;
			children = (
				43C1D58D2403CB72005A48AB /* ViewController.swift */,
				43477D472403E5A8001D37CE /* Setting1ViewController.swift */,
				4341CC0F242760A500C86FB9 /* MemberRegisterViewController.swift */,
				434021D42442ECF50023842F /* MemberRegisterFinishViewController.swift */,
				4337E50D24627383006235BD /* SettingFinishViewController.swift */,
				4337E51324680697006235BD /* MenuViewController.swift */,
				4337E51524712F45006235BD /* RegisterFavoriteViewController.swift */,
				4337E5172478DA4D006235BD /* ChooseFavoritePopup.swift */,
				439E5C2F248238FF001C59D1 /* RegisterFavoriteFinishViewController.swift */,
				439E5C34249486EA001C59D1 /* SeatChangeResultViewController.swift */,
				439E5C3624A72F42001C59D1 /* MatchingResultInitViewController.swift */,
				439E5C3A24A74E14001C59D1 /* MatchingResultViewController.swift */,
				439E5C3E24B04F6B001C59D1 /* Games */,
			);
			path = Scenes;
			sourceTree = "<group>";
		};
		4341CC0E241CF3E900C86FB9 /* Views */ = {
			isa = PBXGroup;
			children = (
				43084D5F2414E79300370070 /* TableTypeDrawView.swift */,
				43084D61241CADE900370070 /* TableSquareDrawView.swift */,
				4341CC08241CC6CA00C86FB9 /* TableCircleDrawView.swift */,
			);
			path = Views;
			sourceTree = "<group>";
		};
		439E5C3124836CB1001C59D1 /* Logic */ = {
			isa = PBXGroup;
			children = (
				439E5C3224836CC9001C59D1 /* SeatChangeLogic.swift */,
				439E5C3824A7310A001C59D1 /* MatchingLogic.swift */,
				439E5C4524B07DF2001C59D1 /* NGwordAssignLogic.swift */,
				439E5C5024B987D6001C59D1 /* KingGameJobAssignLogic.swift */,
			);
			path = Logic;
			sourceTree = "<group>";
		};
		439E5C3E24B04F6B001C59D1 /* Games */ = {
			isa = PBXGroup;
			children = (
				439E5C3C24B04DC3001C59D1 /* GameMenuViewController.swift */,
				439E5C3F24B050D0001C59D1 /* NGWordsInitViewController.swift */,
				439E5C4324B07539001C59D1 /* NGWordsAssignInitViewController.swift */,
				439E5C4124B07391001C59D1 /* NGWordsAssignViewController.swift */,
				439E5C4724B08290001C59D1 /* NGWordsAssignFinishViewController.swift */,
				439E5C4924B084D0001C59D1 /* NGWordsCheckViewController.swift */,
				439E5C4E24B980F0001C59D1 /* KingGameInitViewController.swift */,
				439E5C5224B98D06001C59D1 /* KingGameJobAssignInitViewController.swift */,
				439E5C5424B98E01001C59D1 /* KingGameJobAssignViewController.swift */,
				439E5C5824B99C83001C59D1 /* KingGameJobAssignFinishViewController.swift */,
				439E5C5624B99201001C59D1 /* KingGameCheckJobsViewController.swift */,
			);
			path = Games;
			sourceTree = "<group>";
		};
		43C1D57D2403CB71005A48AB = {
			isa = PBXGroup;
			children = (
				43C1D5882403CB72005A48AB /* GokonMaster */,
				43C1D5872403CB72005A48AB /* Products */,
				394F91EA0CEEC2DE597822FB /* Pods */,
				29A0487A4B8C72F01F4C9E87 /* Frameworks */,
			);
			sourceTree = "<group>";
		};
		43C1D5872403CB72005A48AB /* Products */ = {
			isa = PBXGroup;
			children = (
				43C1D5862403CB72005A48AB /* GokonMaster.app */,
			);
			name = Products;
			sourceTree = "<group>";
		};
		43C1D5882403CB72005A48AB /* GokonMaster */ = {
			isa = PBXGroup;
			children = (
				439E5C3124836CB1001C59D1 /* Logic */,
				4341CC0D241CF3B600C86FB9 /* Scenes */,
				4341CC0E241CF3E900C86FB9 /* Views */,
				4341CC0C241CF37400C86FB9 /* Common */,
				43C1D5892403CB72005A48AB /* AppDelegate.swift */,
				43C1D58B2403CB72005A48AB /* SceneDelegate.swift */,
				43C1D5922403CB76005A48AB /* Assets.xcassets */,
				43C1D5972403CB76005A48AB /* Info.plist */,
			);
			path = GokonMaster;
			sourceTree = "<group>";
		};
/* End PBXGroup section */

/* Begin PBXNativeTarget section */
		43C1D5852403CB71005A48AB /* GokonMaster */ = {
			isa = PBXNativeTarget;
			buildConfigurationList = 43C1D59A2403CB76005A48AB /* Build configuration list for PBXNativeTarget "GokonMaster" */;
			buildPhases = (
				D789DA746F4F95EA6FD706C8 /* [CP] Check Pods Manifest.lock */,
				43C1D5822403CB71005A48AB /* Sources */,
				43C1D5832403CB71005A48AB /* Frameworks */,
				43C1D5842403CB71005A48AB /* Resources */,
				EF4831743EDC989B341D98B5 /* [CP] Embed Pods Frameworks */,
			);
			buildRules = (
			);
			dependencies = (
			);
			name = GokonMaster;
			productName = GokonMaster;
			productReference = 43C1D5862403CB72005A48AB /* GokonMaster.app */;
			productType = "com.apple.product-type.application";
		};
/* End PBXNativeTarget section */

/* Begin PBXProject section */
		43C1D57E2403CB71005A48AB /* Project object */ = {
			isa = PBXProject;
			attributes = {
				LastSwiftUpdateCheck = 1130;
				LastUpgradeCheck = 1130;
				ORGANIZATIONNAME = "Nozomi Koyama";
				TargetAttributes = {
					43C1D5852403CB71005A48AB = {
						CreatedOnToolsVersion = 11.3.1;
					};
				};
			};
			buildConfigurationList = 43C1D5812403CB71005A48AB /* Build configuration list for PBXProject "GokonMaster" */;
			compatibilityVersion = "Xcode 9.3";
			developmentRegion = en;
			hasScannedForEncodings = 0;
			knownRegions = (
				en,
				Base,
			);
			mainGroup = 43C1D57D2403CB71005A48AB;
			productRefGroup = 43C1D5872403CB72005A48AB /* Products */;
			projectDirPath = "";
			projectRoot = "";
			targets = (
				43C1D5852403CB71005A48AB /* GokonMaster */,
			);
		};
/* End PBXProject section */

/* Begin PBXResourcesBuildPhase section */
		43C1D5842403CB71005A48AB /* Resources */ = {
			isa = PBXResourcesBuildPhase;
			buildActionMask = 2147483647;
			files = (
				43C1D5932403CB76005A48AB /* Assets.xcassets in Resources */,
			);
			runOnlyForDeploymentPostprocessing = 0;
		};
/* End PBXResourcesBuildPhase section */

/* Begin PBXShellScriptBuildPhase section */
		D789DA746F4F95EA6FD706C8 /* [CP] Check Pods Manifest.lock */ = {
			isa = PBXShellScriptBuildPhase;
			buildActionMask = 2147483647;
			files = (
			);
			inputFileListPaths = (
			);
			inputPaths = (
				"${PODS_PODFILE_DIR_PATH}/Podfile.lock",
				"${PODS_ROOT}/Manifest.lock",
			);
			name = "[CP] Check Pods Manifest.lock";
			outputFileListPaths = (
			);
			outputPaths = (
				"$(DERIVED_FILE_DIR)/Pods-GokonMaster-checkManifestLockResult.txt",
			);
			runOnlyForDeploymentPostprocessing = 0;
			shellPath = /bin/sh;
			shellScript = "diff \"${PODS_PODFILE_DIR_PATH}/Podfile.lock\" \"${PODS_ROOT}/Manifest.lock\" > /dev/null\nif [ $? != 0 ] ; then\n    # print error to STDERR\n    echo \"error: The sandbox is not in sync with the Podfile.lock. Run 'pod install' or update your CocoaPods installation.\" >&2\n    exit 1\nfi\n# This output is used by Xcode 'outputs' to avoid re-running this script phase.\necho \"SUCCESS\" > \"${SCRIPT_OUTPUT_FILE_0}\"\n";
			showEnvVarsInLog = 0;
		};
		EF4831743EDC989B341D98B5 /* [CP] Embed Pods Frameworks */ = {
			isa = PBXShellScriptBuildPhase;
			buildActionMask = 2147483647;
			files = (
			);
			inputFileListPaths = (
				"${PODS_ROOT}/Target Support Files/Pods-GokonMaster/Pods-GokonMaster-frameworks-${CONFIGURATION}-input-files.xcfilelist",
			);
			name = "[CP] Embed Pods Frameworks";
			outputFileListPaths = (
				"${PODS_ROOT}/Target Support Files/Pods-GokonMaster/Pods-GokonMaster-frameworks-${CONFIGURATION}-output-files.xcfilelist",
			);
			runOnlyForDeploymentPostprocessing = 0;
			shellPath = /bin/sh;
			shellScript = "\"${PODS_ROOT}/Target Support Files/Pods-GokonMaster/Pods-GokonMaster-frameworks.sh\"\n";
			showEnvVarsInLog = 0;
		};
/* End PBXShellScriptBuildPhase section */

/* Begin PBXSourcesBuildPhase section */
		43C1D5822403CB71005A48AB /* Sources */ = {
			isa = PBXSourcesBuildPhase;
			buildActionMask = 2147483647;
			files = (
				439E5C4A24B084D0001C59D1 /* NGWordsCheckViewController.swift in Sources */,
				439E5C4624B07DF2001C59D1 /* NGwordAssignLogic.swift in Sources */,
				43C1D58E2403CB72005A48AB /* ViewController.swift in Sources */,
				43477D482403E5A8001D37CE /* Setting1ViewController.swift in Sources */,
				4341CC09241CC6CA00C86FB9 /* TableCircleDrawView.swift in Sources */,
				439E5C3324836CC9001C59D1 /* SeatChangeLogic.swift in Sources */,
				439E5C3D24B04DC3001C59D1 /* GameMenuViewController.swift in Sources */,
				439E5C3B24A74E14001C59D1 /* MatchingResultViewController.swift in Sources */,
				439E5C5124B987D6001C59D1 /* KingGameJobAssignLogic.swift in Sources */,
				439E5C5924B99C83001C59D1 /* KingGameJobAssignFinishViewController.swift in Sources */,
				4337E51424680697006235BD /* MenuViewController.swift in Sources */,
				439E5C4224B07391001C59D1 /* NGWordsAssignViewController.swift in Sources */,
				439E5C3924A7310A001C59D1 /* MatchingLogic.swift in Sources */,
				439E5C5724B99201001C59D1 /* KingGameCheckJobsViewController.swift in Sources */,
				43C1D58A2403CB72005A48AB /* AppDelegate.swift in Sources */,
				439E5C4024B050D0001C59D1 /* NGWordsInitViewController.swift in Sources */,
				4341CC10242760A500C86FB9 /* MemberRegisterViewController.swift in Sources */,
				4337E5102462CC2E006235BD /* DefineExtension.swift in Sources */,
				439E5C35249486EA001C59D1 /* SeatChangeResultViewController.swift in Sources */,
				439E5C4824B08290001C59D1 /* NGWordsAssignFinishViewController.swift in Sources */,
				43084D5E2414CA7500370070 /* CommonMethods.swift in Sources */,
				4337E51624712F45006235BD /* RegisterFavoriteViewController.swift in Sources */,
				4337E5182478DA4D006235BD /* ChooseFavoritePopup.swift in Sources */,
				43084D602414E79300370070 /* TableTypeDrawView.swift in Sources */,
				439E5C4F24B980F0001C59D1 /* KingGameInitViewController.swift in Sources */,
				434021D52442ECF50023842F /* MemberRegisterFinishViewController.swift in Sources */,
				439E5C5324B98D06001C59D1 /* KingGameJobAssignInitViewController.swift in Sources */,
				43084D62241CADE900370070 /* TableSquareDrawView.swift in Sources */,
				439E5C5524B98E01001C59D1 /* KingGameJobAssignViewController.swift in Sources */,
				439E5C30248238FF001C59D1 /* RegisterFavoriteFinishViewController.swift in Sources */,
				4341CC0B241CEAB700C86FB9 /* PublicValues.swift in Sources */,
				4337E50E24627383006235BD /* SettingFinishViewController.swift in Sources */,
				439E5C4C24B1BFDF001C59D1 /* PublicConstantValues.swift in Sources */,
				439E5C3724A72F42001C59D1 /* MatchingResultInitViewController.swift in Sources */,
				439E5C4424B07539001C59D1 /* NGWordsAssignInitViewController.swift in Sources */,
				43C1D58C2403CB72005A48AB /* SceneDelegate.swift in Sources */,
			);
			runOnlyForDeploymentPostprocessing = 0;
		};
/* End PBXSourcesBuildPhase section */

/* Begin XCBuildConfiguration section */
		43C1D5982403CB76005A48AB /* Debug */ = {
			isa = XCBuildConfiguration;
			buildSettings = {
				ALWAYS_SEARCH_USER_PATHS = NO;
				CLANG_ANALYZER_NONNULL = YES;
				CLANG_ANALYZER_NUMBER_OBJECT_CONVERSION = YES_AGGRESSIVE;
				CLANG_CXX_LANGUAGE_STANDARD = "gnu++14";
				CLANG_CXX_LIBRARY = "libc++";
				CLANG_ENABLE_MODULES = YES;
				CLANG_ENABLE_OBJC_ARC = YES;
				CLANG_ENABLE_OBJC_WEAK = YES;
				CLANG_WARN_BLOCK_CAPTURE_AUTORELEASING = YES;
				CLANG_WARN_BOOL_CONVERSION = YES;
				CLANG_WARN_COMMA = YES;
				CLANG_WARN_CONSTANT_CONVERSION = YES;
				CLANG_WARN_DEPRECATED_OBJC_IMPLEMENTATIONS = YES;
				CLANG_WARN_DIRECT_OBJC_ISA_USAGE = YES_ERROR;
				CLANG_WARN_DOCUMENTATION_COMMENTS = YES;
				CLANG_WARN_EMPTY_BODY = YES;
				CLANG_WARN_ENUM_CONVERSION = YES;
				CLANG_WARN_INFINITE_RECURSION = YES;
				CLANG_WARN_INT_CONVERSION = YES;
				CLANG_WARN_NON_LITERAL_NULL_CONVERSION = YES;
				CLANG_WARN_OBJC_IMPLICIT_RETAIN_SELF = YES;
				CLANG_WARN_OBJC_LITERAL_CONVERSION = YES;
				CLANG_WARN_OBJC_ROOT_CLASS = YES_ERROR;
				CLANG_WARN_RANGE_LOOP_ANALYSIS = YES;
				CLANG_WARN_STRICT_PROTOTYPES = YES;
				CLANG_WARN_SUSPICIOUS_MOVE = YES;
				CLANG_WARN_UNGUARDED_AVAILABILITY = YES_AGGRESSIVE;
				CLANG_WARN_UNREACHABLE_CODE = YES;
				CLANG_WARN__DUPLICATE_METHOD_MATCH = YES;
				COPY_PHASE_STRIP = NO;
				DEBUG_INFORMATION_FORMAT = dwarf;
				ENABLE_STRICT_OBJC_MSGSEND = YES;
				ENABLE_TESTABILITY = YES;
				GCC_C_LANGUAGE_STANDARD = gnu11;
				GCC_DYNAMIC_NO_PIC = NO;
				GCC_NO_COMMON_BLOCKS = YES;
				GCC_OPTIMIZATION_LEVEL = 0;
				GCC_PREPROCESSOR_DEFINITIONS = (
					"DEBUG=1",
					"$(inherited)",
				);
				GCC_WARN_64_TO_32_BIT_CONVERSION = YES;
				GCC_WARN_ABOUT_RETURN_TYPE = YES_ERROR;
				GCC_WARN_UNDECLARED_SELECTOR = YES;
				GCC_WARN_UNINITIALIZED_AUTOS = YES_AGGRESSIVE;
				GCC_WARN_UNUSED_FUNCTION = YES;
				GCC_WARN_UNUSED_VARIABLE = YES;
				IPHONEOS_DEPLOYMENT_TARGET = 13.2;
				MTL_ENABLE_DEBUG_INFO = INCLUDE_SOURCE;
				MTL_FAST_MATH = YES;
				ONLY_ACTIVE_ARCH = YES;
				SDKROOT = iphoneos;
				SWIFT_ACTIVE_COMPILATION_CONDITIONS = DEBUG;
				SWIFT_OPTIMIZATION_LEVEL = "-Onone";
			};
			name = Debug;
		};
		43C1D5992403CB76005A48AB /* Release */ = {
			isa = XCBuildConfiguration;
			buildSettings = {
				ALWAYS_SEARCH_USER_PATHS = NO;
				CLANG_ANALYZER_NONNULL = YES;
				CLANG_ANALYZER_NUMBER_OBJECT_CONVERSION = YES_AGGRESSIVE;
				CLANG_CXX_LANGUAGE_STANDARD = "gnu++14";
				CLANG_CXX_LIBRARY = "libc++";
				CLANG_ENABLE_MODULES = YES;
				CLANG_ENABLE_OBJC_ARC = YES;
				CLANG_ENABLE_OBJC_WEAK = YES;
				CLANG_WARN_BLOCK_CAPTURE_AUTORELEASING = YES;
				CLANG_WARN_BOOL_CONVERSION = YES;
				CLANG_WARN_COMMA = YES;
				CLANG_WARN_CONSTANT_CONVERSION = YES;
				CLANG_WARN_DEPRECATED_OBJC_IMPLEMENTATIONS = YES;
				CLANG_WARN_DIRECT_OBJC_ISA_USAGE = YES_ERROR;
				CLANG_WARN_DOCUMENTATION_COMMENTS = YES;
				CLANG_WARN_EMPTY_BODY = YES;
				CLANG_WARN_ENUM_CONVERSION = YES;
				CLANG_WARN_INFINITE_RECURSION = YES;
				CLANG_WARN_INT_CONVERSION = YES;
				CLANG_WARN_NON_LITERAL_NULL_CONVERSION = YES;
				CLANG_WARN_OBJC_IMPLICIT_RETAIN_SELF = YES;
				CLANG_WARN_OBJC_LITERAL_CONVERSION = YES;
				CLANG_WARN_OBJC_ROOT_CLASS = YES_ERROR;
				CLANG_WARN_RANGE_LOOP_ANALYSIS = YES;
				CLANG_WARN_STRICT_PROTOTYPES = YES;
				CLANG_WARN_SUSPICIOUS_MOVE = YES;
				CLANG_WARN_UNGUARDED_AVAILABILITY = YES_AGGRESSIVE;
				CLANG_WARN_UNREACHABLE_CODE = YES;
				CLANG_WARN__DUPLICATE_METHOD_MATCH = YES;
				COPY_PHASE_STRIP = NO;
				DEBUG_INFORMATION_FORMAT = "dwarf-with-dsym";
				ENABLE_NS_ASSERTIONS = NO;
				ENABLE_STRICT_OBJC_MSGSEND = YES;
				GCC_C_LANGUAGE_STANDARD = gnu11;
				GCC_NO_COMMON_BLOCKS = YES;
				GCC_WARN_64_TO_32_BIT_CONVERSION = YES;
				GCC_WARN_ABOUT_RETURN_TYPE = YES_ERROR;
				GCC_WARN_UNDECLARED_SELECTOR = YES;
				GCC_WARN_UNINITIALIZED_AUTOS = YES_AGGRESSIVE;
				GCC_WARN_UNUSED_FUNCTION = YES;
				GCC_WARN_UNUSED_VARIABLE = YES;
				IPHONEOS_DEPLOYMENT_TARGET = 13.2;
				MTL_ENABLE_DEBUG_INFO = NO;
				MTL_FAST_MATH = YES;
				SDKROOT = iphoneos;
				SWIFT_COMPILATION_MODE = wholemodule;
				SWIFT_OPTIMIZATION_LEVEL = "-O";
				VALIDATE_PRODUCT = YES;
			};
			name = Release;
		};
		43C1D59B2403CB76005A48AB /* Debug */ = {
			isa = XCBuildConfiguration;
			baseConfigurationReference = 73B8E147808EF5531B1E4A34 /* Pods-GokonMaster.debug.xcconfig */;
			buildSettings = {
				ASSETCATALOG_COMPILER_APPICON_NAME = AppIcon;
				CODE_SIGN_STYLE = Manual;
				DEVELOPMENT_TEAM = "";
				INFOPLIST_FILE = GokonMaster/Info.plist;
				IPHONEOS_DEPLOYMENT_TARGET = 13.2;
				LD_RUNPATH_SEARCH_PATHS = (
					"$(inherited)",
					"@executable_path/Frameworks",
				);
				PRODUCT_BUNDLE_IDENTIFIER = com.n.koyama.GokonMaster;
				PRODUCT_NAME = "$(TARGET_NAME)";
				PROVISIONING_PROFILE_SPECIFIER = "";
				SWIFT_VERSION = 5.0;
				TARGETED_DEVICE_FAMILY = "1,2";
			};
			name = Debug;
		};
		43C1D59C2403CB76005A48AB /* Release */ = {
			isa = XCBuildConfiguration;
			baseConfigurationReference = 73617424919DA148D2A9340F /* Pods-GokonMaster.release.xcconfig */;
			buildSettings = {
				ASSETCATALOG_COMPILER_APPICON_NAME = AppIcon;
				CODE_SIGN_STYLE = Manual;
				DEVELOPMENT_TEAM = "";
				INFOPLIST_FILE = GokonMaster/Info.plist;
				IPHONEOS_DEPLOYMENT_TARGET = 13.2;
				LD_RUNPATH_SEARCH_PATHS = (
					"$(inherited)",
					"@executable_path/Frameworks",
				);
				PRODUCT_BUNDLE_IDENTIFIER = com.n.koyama.GokonMaster;
				PRODUCT_NAME = "$(TARGET_NAME)";
				PROVISIONING_PROFILE_SPECIFIER = "";
				SWIFT_VERSION = 5.0;
				TARGETED_DEVICE_FAMILY = "1,2";
			};
			name = Release;
		};
/* End XCBuildConfiguration section */

/* Begin XCConfigurationList section */
		43C1D5812403CB71005A48AB /* Build configuration list for PBXProject "GokonMaster" */ = {
			isa = XCConfigurationList;
			buildConfigurations = (
				43C1D5982403CB76005A48AB /* Debug */,
				43C1D5992403CB76005A48AB /* Release */,
			);
			defaultConfigurationIsVisible = 0;
			defaultConfigurationName = Debug;
		};
		43C1D59A2403CB76005A48AB /* Build configuration list for PBXNativeTarget "GokonMaster" */ = {
			isa = XCConfigurationList;
			buildConfigurations = (
				43C1D59B2403CB76005A48AB /* Debug */,
				43C1D59C2403CB76005A48AB /* Release */,
			);
			defaultConfigurationIsVisible = 0;
			defaultConfigurationName = Debug;
		};
/* End XCConfigurationList section */
	};
	rootObject = 43C1D57E2403CB71005A48AB /* Project object */;
}
